
Microsoft Visual Studio Solution File, Format Version 12.00
# Visual Studio Version 16
VisualStudioVersion = 16.0.31605.320
MinimumVisualStudioVersion = 10.0.40219.1
Project("{9A19103F-16F7-4668-BE54-9A1E7A4F7556}") = "PracticalTask", "PracticalTask\PracticalTask.csproj", "{B9613623-ADAB-4705-B5D2-9E8E3E332919}"
EndProject
Project("{FAE04EC0-301F-11D3-BF4B-00C04F79EFBC}") = "Domain", "Domain\Domain.csproj", "{1C0ACA05-3FA2-4C6C-9E33-51D3E9086E16}"
EndProject
Project("{FAE04EC0-301F-11D3-BF4B-00C04F79EFBC}") = "Application", "Application\Application.csproj", "{5D676270-3B30-479F-A97B-D6610BA74DDE}"
EndProject
Project("{FAE04EC0-301F-11D3-BF4B-00C04F79EFBC}") = "Infrastructure", "Infrastructure\Infrastructure.csproj", "{ED1C387E-6720-48C5-913D-1EE6BD95B373}"
EndProject
Global
	GlobalSection(SolutionConfigurationPlatforms) = preSolution
		Debug|Any CPU = Debug|Any CPU
		Release|Any CPU = Release|Any CPU
	EndGlobalSection
	GlobalSection(ProjectConfigurationPlatforms) = postSolution
		{B9613623-ADAB-4705-B5D2-9E8E3E332919}.Debug|Any CPU.ActiveCfg = Debug|Any CPU
		{B9613623-ADAB-4705-B5D2-9E8E3E332919}.Debug|Any CPU.Build.0 = Debug|Any CPU
		{B9613623-ADAB-4705-B5D2-9E8E3E332919}.Release|Any CPU.ActiveCfg = Release|Any CPU
		{B9613623-ADAB-4705-B5D2-9E8E3E332919}.Release|Any CPU.Build.0 = Release|Any CPU
		{1C0ACA05-3FA2-4C6C-9E33-51D3E9086E16}.Debug|Any CPU.ActiveCfg = Debug|Any CPU
		{1C0ACA05-3FA2-4C6C-9E33-51D3E9086E16}.Debug|Any CPU.Build.0 = Debug|Any CPU
		{1C0ACA05-3FA2-4C6C-9E33-51D3E9086E16}.Release|Any CPU.ActiveCfg = Release|Any CPU
		{1C0ACA05-3FA2-4C6C-9E33-51D3E9086E16}.Release|Any CPU.Build.0 = Release|Any CPU
		{5D676270-3B30-479F-A97B-D6610BA74DDE}.Debug|Any CPU.ActiveCfg = Debug|Any CPU
		{5D676270-3B30-479F-A97B-D6610BA74DDE}.Debug|Any CPU.Build.0 = Debug|Any CPU
		{5D676270-3B30-479F-A97B-D6610BA74DDE}.Release|Any CPU.ActiveCfg = Release|Any CPU
		{5D676270-3B30-479F-A97B-D6610BA74DDE}.Release|Any CPU.Build.0 = Release|Any CPU
		{ED1C387E-6720-48C5-913D-1EE6BD95B373}.Debug|Any CPU.ActiveCfg = Debug|Any CPU
		{ED1C387E-6720-48C5-913D-1EE6BD95B373}.Debug|Any CPU.Build.0 = Debug|Any CPU
		{ED1C387E-6720-48C5-913D-1EE6BD95B373}.Release|Any CPU.ActiveCfg = Release|Any CPU
		{ED1C387E-6720-48C5-913D-1EE6BD95B373}.Release|Any CPU.Build.0 = Release|Any CPU
	EndGlobalSection
	GlobalSection(SolutionProperties) = preSolution
		HideSolutionNode = FALSE
	EndGlobalSection
	GlobalSection(ExtensibilityGlobals) = postSolution
		SolutionGuid = {9AF42B5C-31DB-42FD-B624-77DCBF8F1643}
	EndGlobalSection
EndGlobal
